{
  "name": "227-motion-studio",
  "version": "0.3.1",
  "lockfileVersion": 3,
  "requires": true,
  "packages": {
    "": {
      "name": "227-motion-studio",
      "version": "0.3.1",
      "dependencies": {
        "@mediapipe/tasks-vision": "1.0.1",
        "fflate": "^0.8.3",
        "mmd-parser": "1.0.4",
        "three": "0.186.1"
      },
      "license": "MIT",
      "engines": {
        "node": ">=22"
      }
    },
    "node_modules/@mediapipe/tasks-vision": {
      "version": "1.0.1",
      "resolved": "https://registry.npmjs.org/@mediapipe/tasks-vision/-/tasks-vision-1.0.1.tgz",
      "integrity": "sha512-rvRE2FmAZ6ZxKSw7wq+e+jQDpN3t1B/tD2mJz9SmAzb1msoDkd4dMoE4wAh8Z30Um0PQwLiHr9QtomhmXk3aUQ==",
      "license": "Apache-2.0"
    },
    "node_modules/fflate": {
      "version": "0.8.3",
      "resolved": "https://registry.npmjs.org/fflate/-/fflate-0.8.3.tgz",
      "integrity": "sha512-tbZNuJrLwGUp3zshBtdy4W+ORxZuIh8a5ilyIEQDC5rY1f3U20JMry0Ll3WBzU58EZKsEuJFXhb5gwv8CsPvgA==",
      "license": "MIT"
    },
    "node_modules/mmd-parser": {
      "version": "1.0.4",
      "resolved": "https://registry.npmjs.org/mmd-parser/-/mmd-parser-1.0.4.tgz",
      "integrity": "sha512-Qi0VCU46t2IwfGv5KF0+D/t9cizcDug7qnNoy9Ggk7aucp0tssV8IwTMkBlDbm+VqAf3cdQHTCARKSsuS2MYFg==",
      "license": "MIT"
    },
    "node_modules/three": {
      "version": "0.186.1",
      "resolved": "https://registry.npmjs.org/three/-/three-0.186.1.tgz",
      "integrity": "sha512-blFeqb49wRCSGUGj7gtpfnSGHy2lwDk94RhUmS1c/hTby70kvChbWpkJ4Pm1390LqzzvTmzgXKHPEafJwCb8jA==",
      "license": "MIT"
    }
  }
}
